
Microsoft Visual Studio Solution File, Format Version 12.00
# Visual Studio Version 17
VisualStudioVersion = 17.3.32929.385
MinimumVisualStudioVersion = 10.0.40219.1
Project("{FAE04EC0-301F-11D3-BF4B-00C04F79EFBC}") = "do while", "do while\do while.csproj", "{2E0E0D23-26BF-401E-B610-C09AC5EDDFD7}"
EndProject
Global
	GlobalSection(SolutionConfigurationPlatforms) = preSolution
		Debug|Any CPU = Debug|Any CPU
		Release|Any CPU = Release|Any CPU
	EndGlobalSection
	GlobalSection(ProjectConfigurationPlatforms) = postSolution
		{2E0E0D23-26BF-401E-B610-C09AC5EDDFD7}.Debug|Any CPU.ActiveCfg = Debug|Any CPU
		{2E0E0D23-26BF-401E-B610-C09AC5EDDFD7}.Debug|Any CPU.Build.0 = Debug|Any CPU
		{2E0E0D23-26BF-401E-B610-C09AC5EDDFD7}.Release|Any CPU.ActiveCfg = Release|Any CPU
		{2E0E0D23-26BF-401E-B610-C09AC5EDDFD7}.Release|Any CPU.Build.0 = Release|Any CPU
	EndGlobalSection
	GlobalSection(SolutionProperties) = preSolution
		HideSolutionNode = FALSE
	EndGlobalSection
	GlobalSection(ExtensibilityGlobals) = postSolution
		SolutionGuid = {61317F62-C8AA-45BE-A1C6-D53454003939}
	EndGlobalSection
EndGlobal
